
Microsoft Visual Studio Solution File, Format Version 12.00
# Visual Studio Version 17
VisualStudioVersion = 17.1.32328.378
MinimumVisualStudioVersion = 10.0.40219.1
Project("{FAE04EC0-301F-11D3-BF4B-00C04F79EFBC}") = "Semana11UESANMVC.WEB", "Semana11UESANMVC.WEB\Semana11UESANMVC.WEB.csproj", "{AC8E52B8-1EA2-46F1-B738-41D5B9A45135}"
EndProject
Global
	GlobalSection(SolutionConfigurationPlatforms) = preSolution
		Debug|Any CPU = Debug|Any CPU
		Release|Any CPU = Release|Any CPU
	EndGlobalSection
	GlobalSection(ProjectConfigurationPlatforms) = postSolution
		{AC8E52B8-1EA2-46F1-B738-41D5B9A45135}.Debug|Any CPU.ActiveCfg = Debug|Any CPU
		{AC8E52B8-1EA2-46F1-B738-41D5B9A45135}.Debug|Any CPU.Build.0 = Debug|Any CPU
		{AC8E52B8-1EA2-46F1-B738-41D5B9A45135}.Release|Any CPU.ActiveCfg = Release|Any CPU
		{AC8E52B8-1EA2-46F1-B738-41D5B9A45135}.Release|Any CPU.Build.0 = Release|Any CPU
	EndGlobalSection
	GlobalSection(SolutionProperties) = preSolution
		HideSolutionNode = FALSE
	EndGlobalSection
	GlobalSection(ExtensibilityGlobals) = postSolution
		SolutionGuid = {7958DC40-8117-4B13-9026-A93E223099BF}
	EndGlobalSection
EndGlobal
